
Microsoft Visual Studio Solution File, Format Version 12.00
# Visual Studio Version 17
VisualStudioVersion = 17.1.32210.238
MinimumVisualStudioVersion = 10.0.40219.1
Project("{FAE04EC0-301F-11D3-BF4B-00C04F79EFBC}") = "Zadanie_6", "Zadanie_6.csproj", "{B270FE6C-E4C6-4210-B6D8-61C0AD5ECD08}"
EndProject
Global
	GlobalSection(SolutionConfigurationPlatforms) = preSolution
		Debug|Any CPU = Debug|Any CPU
		Release|Any CPU = Release|Any CPU
	EndGlobalSection
	GlobalSection(ProjectConfigurationPlatforms) = postSolution
		{B270FE6C-E4C6-4210-B6D8-61C0AD5ECD08}.Debug|Any CPU.ActiveCfg = Debug|Any CPU
		{B270FE6C-E4C6-4210-B6D8-61C0AD5ECD08}.Debug|Any CPU.Build.0 = Debug|Any CPU
		{B270FE6C-E4C6-4210-B6D8-61C0AD5ECD08}.Release|Any CPU.ActiveCfg = Release|Any CPU
		{B270FE6C-E4C6-4210-B6D8-61C0AD5ECD08}.Release|Any CPU.Build.0 = Release|Any CPU
	EndGlobalSection
	GlobalSection(SolutionProperties) = preSolution
		HideSolutionNode = FALSE
	EndGlobalSection
	GlobalSection(ExtensibilityGlobals) = postSolution
		SolutionGuid = {F634CA84-E787-4137-8EE4-EA8EF0CEEA0A}
	EndGlobalSection
EndGlobal
